
Microsoft Visual Studio Solution File, Format Version 12.00
# Visual Studio 14
VisualStudioVersion = 14.0.25123.0
MinimumVisualStudioVersion = 10.0.40219.1
Project("{FAE04EC0-301F-11D3-BF4B-00C04F79EFBC}") = "Uctrl.Arduino", "Arduino\Uctrl.Arduino.csproj", "{10691731-8A35-4F2A-9A8B-B60D2C626015}"
EndProject
Project("{FAE04EC0-301F-11D3-BF4B-00C04F79EFBC}") = "LyncPresenceBridge", "LyncPresenceBridge\LyncPresenceBridge.csproj", "{DE82C193-4A11-4ED8-98DF-D9758EA83619}"
EndProject
Global
	GlobalSection(SolutionConfigurationPlatforms) = preSolution
		Debug|Any CPU = Debug|Any CPU
		Release|Any CPU = Release|Any CPU
	EndGlobalSection
	GlobalSection(ProjectConfigurationPlatforms) = postSolution
		{10691731-8A35-4F2A-9A8B-B60D2C626015}.Debug|Any CPU.ActiveCfg = Debug|Any CPU
		{10691731-8A35-4F2A-9A8B-B60D2C626015}.Debug|Any CPU.Build.0 = Debug|Any CPU
		{10691731-8A35-4F2A-9A8B-B60D2C626015}.Release|Any CPU.ActiveCfg = Release|Any CPU
		{10691731-8A35-4F2A-9A8B-B60D2C626015}.Release|Any CPU.Build.0 = Release|Any CPU
		{DE82C193-4A11-4ED8-98DF-D9758EA83619}.Debug|Any CPU.ActiveCfg = Debug|Any CPU
		{DE82C193-4A11-4ED8-98DF-D9758EA83619}.Debug|Any CPU.Build.0 = Debug|Any CPU
		{DE82C193-4A11-4ED8-98DF-D9758EA83619}.Release|Any CPU.ActiveCfg = Release|Any CPU
		{DE82C193-4A11-4ED8-98DF-D9758EA83619}.Release|Any CPU.Build.0 = Release|Any CPU
	EndGlobalSection
	GlobalSection(SolutionProperties) = preSolution
		HideSolutionNode = FALSE
	EndGlobalSection
EndGlobal
